
Microsoft Visual Studio Solution File, Format Version 12.00
# Visual Studio Version 17
VisualStudioVersion = 17.6.33712.159
MinimumVisualStudioVersion = 10.0.40219.1
Project("{FAE04EC0-301F-11D3-BF4B-00C04F79EFBC}") = "06.10hm", "06.10hm\06.10hm.csproj", "{C64C878B-5D75-4376-865A-B023FE9BBF8B}"
EndProject
Global
	GlobalSection(SolutionConfigurationPlatforms) = preSolution
		Debug|Any CPU = Debug|Any CPU
		Release|Any CPU = Release|Any CPU
	EndGlobalSection
	GlobalSection(ProjectConfigurationPlatforms) = postSolution
		{C64C878B-5D75-4376-865A-B023FE9BBF8B}.Debug|Any CPU.ActiveCfg = Debug|Any CPU
		{C64C878B-5D75-4376-865A-B023FE9BBF8B}.Debug|Any CPU.Build.0 = Debug|Any CPU
		{C64C878B-5D75-4376-865A-B023FE9BBF8B}.Release|Any CPU.ActiveCfg = Release|Any CPU
		{C64C878B-5D75-4376-865A-B023FE9BBF8B}.Release|Any CPU.Build.0 = Release|Any CPU
	EndGlobalSection
	GlobalSection(SolutionProperties) = preSolution
		HideSolutionNode = FALSE
	EndGlobalSection
	GlobalSection(ExtensibilityGlobals) = postSolution
		SolutionGuid = {7C7B3070-AB30-4A32-896C-3C51E747A629}
	EndGlobalSection
EndGlobal
